{
  "requires": true,
  "lockfileVersion": 1,
  "dependencies": {
    "vanilla-calendar-pro": {
      "version": "3.0.3",
      "resolved": "https://registry.npmjs.org/vanilla-calendar-pro/-/vanilla-calendar-pro-3.0.3.tgz",
      "integrity": "sha512-bfmeGFaDeakk/OrwgM+22qDiRvIx1Zu+GG3+E/sCPjaKwbJR7AsDyRBfJQzVHRw3eeavU8jQQTRSFt8EPIPOGw=="
    }
  }
}
